<?xml version="1.0" encoding="UTF-8"?>

<Project ToolsVersion="17.0" xmlns="http://schemas.microsoft.com/developer/msbuild/2003">
  <ItemGroup>
    <Filter Include="Audio_proj_2\Source">
      <UniqueIdentifier>{ED854295-5183-B839-2EE1-76BE31A474DB}</UniqueIdentifier>
    </Filter>
    <Filter Include="Audio_proj_2">
      <UniqueIdentifier>{CF1E7D7E-6CD7-9641-D94E-9CE3BF79A90F}</UniqueIdentifier>
    </Filter>
    <Filter Include="JUCE Library Code">
      <UniqueIdentifier>{7ED5A90E-41AF-A1EF-659B-37CEEAB9BA61}</UniqueIdentifier>
    </Filter>
  </ItemGroup>
  <ItemGroup>
    <ClCompile Include="..\..\Source\Main.cpp">
      <Filter>Audio_proj_2\Source</Filter>
    </ClCompile>
    <ClCompile Include="..\..\Source\MainComponent.cpp">
      <Filter>Audio_proj_2\Source</Filter>
    </ClCompile>
  </ItemGroup>
  <ItemGroup>
    <ClInclude Include="..\..\Source\MainComponent.h">
      <Filter>Audio_proj_2\Source</Filter>
    </ClInclude>
    <ClInclude Include="..\..\JuceLibraryCode\JuceHeader.h">
      <Filter>JUCE Library Code</Filter>
    </ClInclude>
  </ItemGroup>
  <ItemGroup>
    <ResourceCompile Include=".\resources.rc">
      <Filter>JUCE Library Code</Filter>
    </ResourceCompile>
  </ItemGroup>
</Project>
